
Microsoft Visual Studio Solution File, Format Version 12.00
# Visual Studio Version 17
VisualStudioVersion = 17.6.33723.286
MinimumVisualStudioVersion = 10.0.40219.1
Project("{FAE04EC0-301F-11D3-BF4B-00C04F79EFBC}") = "dz12", "dz12\dz12.csproj", "{295B6D37-770F-4694-B75B-24B31BE765DE}"
EndProject
Global
	GlobalSection(SolutionConfigurationPlatforms) = preSolution
		Debug|Any CPU = Debug|Any CPU
		Release|Any CPU = Release|Any CPU
	EndGlobalSection
	GlobalSection(ProjectConfigurationPlatforms) = postSolution
		{295B6D37-770F-4694-B75B-24B31BE765DE}.Debug|Any CPU.ActiveCfg = Debug|Any CPU
		{295B6D37-770F-4694-B75B-24B31BE765DE}.Debug|Any CPU.Build.0 = Debug|Any CPU
		{295B6D37-770F-4694-B75B-24B31BE765DE}.Release|Any CPU.ActiveCfg = Release|Any CPU
		{295B6D37-770F-4694-B75B-24B31BE765DE}.Release|Any CPU.Build.0 = Release|Any CPU
	EndGlobalSection
	GlobalSection(SolutionProperties) = preSolution
		HideSolutionNode = FALSE
	EndGlobalSection
	GlobalSection(ExtensibilityGlobals) = postSolution
		SolutionGuid = {071F6305-EEEA-4487-8DC8-68A98B7A4026}
	EndGlobalSection
EndGlobal
